
Microsoft Visual Studio Solution File, Format Version 12.00
# Visual Studio Version 16
VisualStudioVersion = 16.0.810.7
MinimumVisualStudioVersion = 10.0.40219.1
Project("{FAE04EC0-301F-11D3-BF4B-00C04F79EFBC}") = "Dotnet5Flash.Api", "Dotnet5Flash.Api.csproj", "{FE527E57-8BA1-4A21-8728-705B78ACDDE4}"
EndProject
Global
	GlobalSection(SolutionConfigurationPlatforms) = preSolution
		Debug|Any CPU = Debug|Any CPU
		Release|Any CPU = Release|Any CPU
	EndGlobalSection
	GlobalSection(ProjectConfigurationPlatforms) = postSolution
		{FE527E57-8BA1-4A21-8728-705B78ACDDE4}.Debug|Any CPU.ActiveCfg = Debug|Any CPU
		{FE527E57-8BA1-4A21-8728-705B78ACDDE4}.Debug|Any CPU.Build.0 = Debug|Any CPU
		{FE527E57-8BA1-4A21-8728-705B78ACDDE4}.Release|Any CPU.ActiveCfg = Release|Any CPU
		{FE527E57-8BA1-4A21-8728-705B78ACDDE4}.Release|Any CPU.Build.0 = Release|Any CPU
	EndGlobalSection
	GlobalSection(SolutionProperties) = preSolution
		HideSolutionNode = FALSE
	EndGlobalSection
	GlobalSection(ExtensibilityGlobals) = postSolution
		SolutionGuid = {C96E5924-4D00-484C-A966-5A9921A33ABE}
	EndGlobalSection
EndGlobal
